# This file is automatically @generated by Cargo.
# It is not intended for manual editing.
version = 4

[[package]]
name = "comms-agent-bridge"
version = "0.0.1"
dependencies = [
 "comms-core",
 "comms-proto",
]

[[package]]
name = "comms-client"
version = "0.0.1"
dependencies = [
 "comms-core",
 "comms-proto",
]

[[package]]
name = "comms-core"
version = "0.0.1"
dependencies = [
 "comms-proto",
]

[[package]]
name = "comms-proto"
version = "0.0.1"

[[package]]
name = "comms-relay"
version = "0.0.1"
dependencies = [
 "comms-proto",
]
